// !$*UTF8*$!
{
	archiveVersion = 1;
	classes = {
	};
	objectVersion = 46;
	objects = {

/* Begin PBXBuildFile section */
		B77487B51E321C7C0063F8D7 /* TMBaseDrawManager.m in Sources */ = {isa = PBXBuildFile; fileRef = B77487B41E321C7C0063F8D7 /* TMBaseDrawManager.m */; };
		B77487BB1E321CF20063F8D7 /* TMDrawLineManager.m in Sources */ = {isa = PBXBuildFile; fileRef = B77487BA1E321CF20063F8D7 /* TMDrawLineManager.m */; };
		B7E64E8C1E2F102D00D7F718 /* main.m in Sources */ = {isa = PBXBuildFile; fileRef = B7E64E8B1E2F102D00D7F718 /* main.m */; };
		B7E64E8F1E2F102D00D7F718 /* AppDelegate.m in Sources */ = {isa = PBXBuildFile; fileRef = B7E64E8E1E2F102D00D7F718 /* AppDelegate.m */; };
		B7E64E921E2F102D00D7F718 /* ViewController.m in Sources */ = {isa = PBXBuildFile; fileRef = B7E64E911E2F102D00D7F718 /* ViewController.m */; };
		B7E64E951E2F102D00D7F718 /* Main.storyboard in Resources */ = {isa = PBXBuildFile; fileRef = B7E64E931E2F102D00D7F718 /* Main.storyboard */; };
		B7E64E971E2F102D00D7F718 /* Assets.xcassets in Resources */ = {isa = PBXBuildFile; fileRef = B7E64E961E2F102D00D7F718 /* Assets.xcassets */; };
		B7E64E9A1E2F102D00D7F718 /* LaunchScreen.storyboard in Resources */ = {isa = PBXBuildFile; fileRef = B7E64E981E2F102D00D7F718 /* LaunchScreen.storyboard */; };
		B7E64EA51E2F102D00D7F718 /* TMChartTests.m in Sources */ = {isa = PBXBuildFile; fileRef = B7E64EA41E2F102D00D7F718 /* TMChartTests.m */; };
		B7E64EB01E2F102D00D7F718 /* TMChartUITests.m in Sources */ = {isa = PBXBuildFile; fileRef = B7E64EAF1E2F102D00D7F718 /* TMChartUITests.m */; };
		B7E64EC01E2F121800D7F718 /* TMBaseChartView.m in Sources */ = {isa = PBXBuildFile; fileRef = B7E64EBF1E2F121800D7F718 /* TMBaseChartView.m */; };
		B7E64EC31E2F123700D7F718 /* TMLineChart.m in Sources */ = {isa = PBXBuildFile; fileRef = B7E64EC21E2F123700D7F718 /* TMLineChart.m */; };
		B7E64EC61E2F785A00D7F718 /* TMLineChartModel.m in Sources */ = {isa = PBXBuildFile; fileRef = B7E64EC51E2F785A00D7F718 /* TMLineChartModel.m */; };
/* End PBXBuildFile section */

/* Begin PBXContainerItemProxy section */
		B7E64EA11E2F102D00D7F718 /* PBXContainerItemProxy */ = {
			isa = PBXContainerItemProxy;
			containerPortal = B7E64E7F1E2F102D00D7F718 /* Project object */;
			proxyType = 1;
			remoteGlobalIDString = B7E64E861E2F102D00D7F718;
			remoteInfo = TMChart;
		};
		B7E64EAC1E2F102D00D7F718 /* PBXContainerItemProxy */ = {
			isa = PBXContainerItemProxy;
			containerPortal = B7E64E7F1E2F102D00D7F718 /* Project object */;
			proxyType = 1;
			remoteGlobalIDString = B7E64E861E2F102D00D7F718;
			remoteInfo = TMChart;
		};
/* End PBXContainerItemProxy section */

/* Begin PBXFileReference section */
		B77487B31E321C7C0063F8D7 /* TMBaseDrawManager.h */ = {isa = PBXFileReference; fileEncoding = 4; lastKnownFileType = sourcecode.c.h; path = TMBaseDrawManager.h; sourceTree = "<group>"; };
		B77487B41E321C7C0063F8D7 /* TMBaseDrawManager.m */ = {isa = PBXFileReference; fileEncoding = 4; lastKnownFileType = sourcecode.c.objc; path = TMBaseDrawManager.m; sourceTree = "<group>"; };
		B77487B91E321CF20063F8D7 /* TMDrawLineManager.h */ = {isa = PBXFileReference; fileEncoding = 4; lastKnownFileType = sourcecode.c.h; path = TMDrawLineManager.h; sourceTree = "<group>"; };
		B77487BA1E321CF20063F8D7 /* TMDrawLineManager.m */ = {isa = PBXFileReference; fileEncoding = 4; lastKnownFileType = sourcecode.c.objc; path = TMDrawLineManager.m; sourceTree = "<group>"; };
		B7E64E871E2F102D00D7F718 /* TMChart.app */ = {isa = PBXFileReference; explicitFileType = wrapper.application; includeInIndex = 0; path = TMChart.app; sourceTree = BUILT_PRODUCTS_DIR; };
		B7E64E8B1E2F102D00D7F718 /* main.m */ = {isa = PBXFileReference; lastKnownFileType = sourcecode.c.objc; path = main.m; sourceTree = "<group>"; };
		B7E64E8D1E2F102D00D7F718 /* AppDelegate.h */ = {isa = PBXFileReference; lastKnownFileType = sourcecode.c.h; path = AppDelegate.h; sourceTree = "<group>"; };
		B7E64E8E1E2F102D00D7F718 /* AppDelegate.m */ = {isa = PBXFileReference; lastKnownFileType = sourcecode.c.objc; path = AppDelegate.m; sourceTree = "<group>"; };
		B7E64E901E2F102D00D7F718 /* ViewController.h */ = {isa = PBXFileReference; lastKnownFileType = sourcecode.c.h; path = ViewController.h; sourceTree = "<group>"; };
		B7E64E911E2F102D00D7F718 /* ViewController.m */ = {isa = PBXFileReference; lastKnownFileType = sourcecode.c.objc; path = ViewController.m; sourceTree = "<group>"; };
		B7E64E941E2F102D00D7F718 /* Base */ = {isa = PBXFileReference; lastKnownFileType = file.storyboard; name = Base; path = Base.lproj/Main.storyboard; sourceTree = "<group>"; };
		B7E64E961E2F102D00D7F718 /* Assets.xcassets */ = {isa = PBXFileReference; lastKnownFileType = folder.assetcatalog; path = Assets.xcassets; sourceTree = "<group>"; };
		B7E64E991E2F102D00D7F718 /* Base */ = {isa = PBXFileReference; lastKnownFileType = file.storyboard; name = Base; path = Base.lproj/LaunchScreen.storyboard; sourceTree = "<group>"; };
		B7E64E9B1E2F102D00D7F718 /* Info.plist */ = {isa = PBXFileReference; lastKnownFileType = text.plist.xml; path = Info.plist; sourceTree = "<group>"; };
		B7E64EA01E2F102D00D7F718 /* TMChartTests.xctest */ = {isa = PBXFileReference; explicitFileType = wrapper.cfbundle; includeInIndex = 0; path = TMChartTests.xctest; sourceTree = BUILT_PRODUCTS_DIR; };
		B7E64EA41E2F102D00D7F718 /* TMChartTests.m */ = {isa = PBXFileReference; lastKnownFileType = sourcecode.c.objc; path = TMChartTests.m; sourceTree = "<group>"; };
		B7E64EA61E2F102D00D7F718 /* Info.plist */ = {isa = PBXFileReference; lastKnownFileType = text.plist.xml; path = Info.plist; sourceTree = "<group>"; };
		B7E64EAB1E2F102D00D7F718 /* TMChartUITests.xctest */ = {isa = PBXFileReference; explicitFileType = wrapper.cfbundle; includeInIndex = 0; path = TMChartUITests.xctest; sourceTree = BUILT_PRODUCTS_DIR; };
		B7E64EAF1E2F102D00D7F718 /* TMChartUITests.m */ = {isa = PBXFileReference; lastKnownFileType = sourcecode.c.objc; path = TMChartUITests.m; sourceTree = "<group>"; };
		B7E64EB11E2F102D00D7F718 /* Info.plist */ = {isa = PBXFileReference; lastKnownFileType = text.plist.xml; path = Info.plist; sourceTree = "<group>"; };
		B7E64EBE1E2F121800D7F718 /* TMBaseChartView.h */ = {isa = PBXFileReference; fileEncoding = 4; lastKnownFileType = sourcecode.c.h; path = TMBaseChartView.h; sourceTree = "<group>"; };
		B7E64EBF1E2F121800D7F718 /* TMBaseChartView.m */ = {isa = PBXFileReference; fileEncoding = 4; lastKnownFileType = sourcecode.c.objc; path = TMBaseChartView.m; sourceTree = "<group>"; };
		B7E64EC11E2F123700D7F718 /* TMLineChart.h */ = {isa = PBXFileReference; fileEncoding = 4; lastKnownFileType = sourcecode.c.h; path = TMLineChart.h; sourceTree = "<group>"; };
		B7E64EC21E2F123700D7F718 /* TMLineChart.m */ = {isa = PBXFileReference; fileEncoding = 4; lastKnownFileType = sourcecode.c.objc; path = TMLineChart.m; sourceTree = "<group>"; };
		B7E64EC41E2F785A00D7F718 /* TMLineChartModel.h */ = {isa = PBXFileReference; fileEncoding = 4; lastKnownFileType = sourcecode.c.h; path = TMLineChartModel.h; sourceTree = "<group>"; };
		B7E64EC51E2F785A00D7F718 /* TMLineChartModel.m */ = {isa = PBXFileReference; fileEncoding = 4; lastKnownFileType = sourcecode.c.objc; path = TMLineChartModel.m; sourceTree = "<group>"; };
/* End PBXFileReference section */

/* Begin PBXFrameworksBuildPhase section */
		B7E64E841E2F102D00D7F718 /* Frameworks */ = {
			isa = PBXFrameworksBuildPhase;
			buildActionMask = 2147483647;
			files = (
			);
			runOnlyForDeploymentPostprocessing = 0;
		};
		B7E64E9D1E2F102D00D7F718 /* Frameworks */ = {
			isa = PBXFrameworksBuildPhase;
			buildActionMask = 2147483647;
			files = (
			);
			runOnlyForDeploymentPostprocessing = 0;
		};
		B7E64EA81E2F102D00D7F718 /* Frameworks */ = {
			isa = PBXFrameworksBuildPhase;
			buildActionMask = 2147483647;
			files = (
			);
			runOnlyForDeploymentPostprocessing = 0;
		};
/* End PBXFrameworksBuildPhase section */

/* Begin PBXGroup section */
		B7E64E7E1E2F102D00D7F718 = {
			isa = PBXGroup;
			children = (
				B7E64E891E2F102D00D7F718 /* TMChart */,
				B7E64EA31E2F102D00D7F718 /* TMChartTests */,
				B7E64EAE1E2F102D00D7F718 /* TMChartUITests */,
				B7E64E881E2F102D00D7F718 /* Products */,
			);
			sourceTree = "<group>";
		};
		B7E64E881E2F102D00D7F718 /* Products */ = {
			isa = PBXGroup;
			children = (
				B7E64E871E2F102D00D7F718 /* TMChart.app */,
				B7E64EA01E2F102D00D7F718 /* TMChartTests.xctest */,
				B7E64EAB1E2F102D00D7F718 /* TMChartUITests.xctest */,
			);
			name = Products;
			sourceTree = "<group>";
		};
		B7E64E891E2F102D00D7F718 /* TMChart */ = {
			isa = PBXGroup;
			children = (
				B7E64EBD1E2F11F900D7F718 /* TMChart */,
				B7E64E8D1E2F102D00D7F718 /* AppDelegate.h */,
				B7E64E8E1E2F102D00D7F718 /* AppDelegate.m */,
				B7E64E901E2F102D00D7F718 /* ViewController.h */,
				B7E64E911E2F102D00D7F718 /* ViewController.m */,
				B7E64E931E2F102D00D7F718 /* Main.storyboard */,
				B7E64E961E2F102D00D7F718 /* Assets.xcassets */,
				B7E64E981E2F102D00D7F718 /* LaunchScreen.storyboard */,
				B7E64E9B1E2F102D00D7F718 /* Info.plist */,
				B7E64E8A1E2F102D00D7F718 /* Supporting Files */,
			);
			path = TMChart;
			sourceTree = "<group>";
		};
		B7E64E8A1E2F102D00D7F718 /* Supporting Files */ = {
			isa = PBXGroup;
			children = (
				B7E64E8B1E2F102D00D7F718 /* main.m */,
			);
			name = "Supporting Files";
			sourceTree = "<group>";
		};
		B7E64EA31E2F102D00D7F718 /* TMChartTests */ = {
			isa = PBXGroup;
			children = (
				B7E64EA41E2F102D00D7F718 /* TMChartTests.m */,
				B7E64EA61E2F102D00D7F718 /* Info.plist */,
			);
			path = TMChartTests;
			sourceTree = "<group>";
		};
		B7E64EAE1E2F102D00D7F718 /* TMChartUITests */ = {
			isa = PBXGroup;
			children = (
				B7E64EAF1E2F102D00D7F718 /* TMChartUITests.m */,
				B7E64EB11E2F102D00D7F718 /* Info.plist */,
			);
			path = TMChartUITests;
			sourceTree = "<group>";
		};
		B7E64EBD1E2F11F900D7F718 /* TMChart */ = {
			isa = PBXGroup;
			children = (
				B7E64EBE1E2F121800D7F718 /* TMBaseChartView.h */,
				B7E64EBF1E2F121800D7F718 /* TMBaseChartView.m */,
				B7E64EC11E2F123700D7F718 /* TMLineChart.h */,
				B7E64EC21E2F123700D7F718 /* TMLineChart.m */,
				B7E64EC41E2F785A00D7F718 /* TMLineChartModel.h */,
				B7E64EC51E2F785A00D7F718 /* TMLineChartModel.m */,
				B77487B31E321C7C0063F8D7 /* TMBaseDrawManager.h */,
				B77487B41E321C7C0063F8D7 /* TMBaseDrawManager.m */,
				B77487B91E321CF20063F8D7 /* TMDrawLineManager.h */,
				B77487BA1E321CF20063F8D7 /* TMDrawLineManager.m */,
			);
			path = TMChart;
			sourceTree = "<group>";
		};
/* End PBXGroup section */

/* Begin PBXNativeTarget section */
		B7E64E861E2F102D00D7F718 /* TMChart */ = {
			isa = PBXNativeTarget;
			buildConfigurationList = B7E64EB41E2F102D00D7F718 /* Build configuration list for PBXNativeTarget "TMChart" */;
			buildPhases = (
				B7E64E831E2F102D00D7F718 /* Sources */,
				B7E64E841E2F102D00D7F718 /* Frameworks */,
				B7E64E851E2F102D00D7F718 /* Resources */,
			);
			buildRules = (
			);
			dependencies = (
			);
			name = TMChart;
			productName = TMChart;
			productReference = B7E64E871E2F102D00D7F718 /* TMChart.app */;
			productType = "com.apple.product-type.application";
		};
		B7E64E9F1E2F102D00D7F718 /* TMChartTests */ = {
			isa = PBXNativeTarget;
			buildConfigurationList = B7E64EB71E2F102D00D7F718 /* Build configuration list for PBXNativeTarget "TMChartTests" */;
			buildPhases = (
				B7E64E9C1E2F102D00D7F718 /* Sources */,
				B7E64E9D1E2F102D00D7F718 /* Frameworks */,
				B7E64E9E1E2F102D00D7F718 /* Resources */,
			);
			buildRules = (
			);
			dependencies = (
				B7E64EA21E2F102D00D7F718 /* PBXTargetDependency */,
			);
			name = TMChartTests;
			productName = TMChartTests;
			productReference = B7E64EA01E2F102D00D7F718 /* TMChartTests.xctest */;
			productType = "com.apple.product-type.bundle.unit-test";
		};
		B7E64EAA1E2F102D00D7F718 /* TMChartUITests */ = {
			isa = PBXNativeTarget;
			buildConfigurationList = B7E64EBA1E2F102D00D7F718 /* Build configuration list for PBXNativeTarget "TMChartUITests" */;
			buildPhases = (
				B7E64EA71E2F102D00D7F718 /* Sources */,
				B7E64EA81E2F102D00D7F718 /* Frameworks */,
				B7E64EA91E2F102D00D7F718 /* Resources */,
			);
			buildRules = (
			);
			dependencies = (
				B7E64EAD1E2F102D00D7F718 /* PBXTargetDependency */,
			);
			name = TMChartUITests;
			productName = TMChartUITests;
			productReference = B7E64EAB1E2F102D00D7F718 /* TMChartUITests.xctest */;
			productType = "com.apple.product-type.bundle.ui-testing";
		};
/* End PBXNativeTarget section */

/* Begin PBXProject section */
		B7E64E7F1E2F102D00D7F718 /* Project object */ = {
			isa = PBXProject;
			attributes = {
				LastUpgradeCheck = 0810;
				ORGANIZATIONNAME = timer;
				TargetAttributes = {
					B7E64E861E2F102D00D7F718 = {
						CreatedOnToolsVersion = 8.1;
						ProvisioningStyle = Automatic;
					};
					B7E64E9F1E2F102D00D7F718 = {
						CreatedOnToolsVersion = 8.1;
						ProvisioningStyle = Automatic;
						TestTargetID = B7E64E861E2F102D00D7F718;
					};
					B7E64EAA1E2F102D00D7F718 = {
						CreatedOnToolsVersion = 8.1;
						ProvisioningStyle = Automatic;
						TestTargetID = B7E64E861E2F102D00D7F718;
					};
				};
			};
			buildConfigurationList = B7E64E821E2F102D00D7F718 /* Build configuration list for PBXProject "TMChart" */;
			compatibilityVersion = "Xcode 3.2";
			developmentRegion = English;
			hasScannedForEncodings = 0;
			knownRegions = (
				en,
				Base,
			);
			mainGroup = B7E64E7E1E2F102D00D7F718;
			productRefGroup = B7E64E881E2F102D00D7F718 /* Products */;
			projectDirPath = "";
			projectRoot = "";
			targets = (
				B7E64E861E2F102D00D7F718 /* TMChart */,
				B7E64E9F1E2F102D00D7F718 /* TMChartTests */,
				B7E64EAA1E2F102D00D7F718 /* TMChartUITests */,
			);
		};
/* End PBXProject section */

/* Begin PBXResourcesBuildPhase section */
		B7E64E851E2F102D00D7F718 /* Resources */ = {
			isa = PBXResourcesBuildPhase;
			buildActionMask = 2147483647;
			files = (
				B7E64E9A1E2F102D00D7F718 /* LaunchScreen.storyboard in Resources */,
				B7E64E971E2F102D00D7F718 /* Assets.xcassets in Resources */,
				B7E64E951E2F102D00D7F718 /* Main.storyboard in Resources */,
			);
			runOnlyForDeploymentPostprocessing = 0;
		};
		B7E64E9E1E2F102D00D7F718 /* Resources */ = {
			isa = PBXResourcesBuildPhase;
			buildActionMask = 2147483647;
			files = (
			);
			runOnlyForDeploymentPostprocessing = 0;
		};
		B7E64EA91E2F102D00D7F718 /* Resources */ = {
			isa = PBXResourcesBuildPhase;
			buildActionMask = 2147483647;
			files = (
			);
			runOnlyForDeploymentPostprocessing = 0;
		};
/* End PBXResourcesBuildPhase section */

/* Begin PBXSourcesBuildPhase section */
		B7E64E831E2F102D00D7F718 /* Sources */ = {
			isa = PBXSourcesBuildPhase;
			buildActionMask = 2147483647;
			files = (
				B7E64EC31E2F123700D7F718 /* TMLineChart.m in Sources */,
				B7E64E921E2F102D00D7F718 /* ViewController.m in Sources */,
				B7E64EC01E2F121800D7F718 /* TMBaseChartView.m in Sources */,
				B77487B51E321C7C0063F8D7 /* TMBaseDrawManager.m in Sources */,
				B77487BB1E321CF20063F8D7 /* TMDrawLineManager.m in Sources */,
				B7E64EC61E2F785A00D7F718 /* TMLineChartModel.m in Sources */,
				B7E64E8F1E2F102D00D7F718 /* AppDelegate.m in Sources */,
				B7E64E8C1E2F102D00D7F718 /* main.m in Sources */,
			);
			runOnlyForDeploymentPostprocessing = 0;
		};
		B7E64E9C1E2F102D00D7F718 /* Sources */ = {
			isa = PBXSourcesBuildPhase;
			buildActionMask = 2147483647;
			files = (
				B7E64EA51E2F102D00D7F718 /* TMChartTests.m in Sources */,
			);
			runOnlyForDeploymentPostprocessing = 0;
		};
		B7E64EA71E2F102D00D7F718 /* Sources */ = {
			isa = PBXSourcesBuildPhase;
			buildActionMask = 2147483647;
			files = (
				B7E64EB01E2F102D00D7F718 /* TMChartUITests.m in Sources */,
			);
			runOnlyForDeploymentPostprocessing = 0;
		};
/* End PBXSourcesBuildPhase section */

/* Begin PBXTargetDependency section */
		B7E64EA21E2F102D00D7F718 /* PBXTargetDependency */ = {
			isa = PBXTargetDependency;
			target = B7E64E861E2F102D00D7F718 /* TMChart */;
			targetProxy = B7E64EA11E2F102D00D7F718 /* PBXContainerItemProxy */;
		};
		B7E64EAD1E2F102D00D7F718 /* PBXTargetDependency */ = {
			isa = PBXTargetDependency;
			target = B7E64E861E2F102D00D7F718 /* TMChart */;
			targetProxy = B7E64EAC1E2F102D00D7F718 /* PBXContainerItemProxy */;
		};
/* End PBXTargetDependency section */

/* Begin PBXVariantGroup section */
		B7E64E931E2F102D00D7F718 /* Main.storyboard */ = {
			isa = PBXVariantGroup;
			children = (
				B7E64E941E2F102D00D7F718 /* Base */,
			);
			name = Main.storyboard;
			sourceTree = "<group>";
		};
		B7E64E981E2F102D00D7F718 /* LaunchScreen.storyboard */ = {
			isa = PBXVariantGroup;
			children = (
				B7E64E991E2F102D00D7F718 /* Base */,
			);
			name = LaunchScreen.storyboard;
			sourceTree = "<group>";
		};
/* End PBXVariantGroup section */

/* Begin XCBuildConfiguration section */
		B7E64EB21E2F102D00D7F718 /* Debug */ = {
			isa = XCBuildConfiguration;
			buildSettings = {
				ALWAYS_SEARCH_USER_PATHS = NO;
				CLANG_ANALYZER_NONNULL = YES;
				CLANG_CXX_LANGUAGE_STANDARD = "gnu++0x";
				CLANG_CXX_LIBRARY = "libc++";
				CLANG_ENABLE_MODULES = YES;
				CLANG_ENABLE_OBJC_ARC = YES;
				CLANG_WARN_BOOL_CONVERSION = YES;
				CLANG_WARN_CONSTANT_CONVERSION = YES;
				CLANG_WARN_DIRECT_OBJC_ISA_USAGE = YES_ERROR;
				CLANG_WARN_DOCUMENTATION_COMMENTS = YES;
				CLANG_WARN_EMPTY_BODY = YES;
				CLANG_WARN_ENUM_CONVERSION = YES;
				CLANG_WARN_INFINITE_RECURSION = YES;
				CLANG_WARN_INT_CONVERSION = YES;
				CLANG_WARN_OBJC_ROOT_CLASS = YES_ERROR;
				CLANG_WARN_SUSPICIOUS_MOVES = YES;
				CLANG_WARN_UNREACHABLE_CODE = YES;
				CLANG_WARN__DUPLICATE_METHOD_MATCH = YES;
				"CODE_SIGN_IDENTITY[sdk=iphoneos*]" = "iPhone Developer";
				COPY_PHASE_STRIP = NO;
				DEBUG_INFORMATION_FORMAT = dwarf;
				ENABLE_STRICT_OBJC_MSGSEND = YES;
				ENABLE_TESTABILITY = YES;
				GCC_C_LANGUAGE_STANDARD = gnu99;
				GCC_DYNAMIC_NO_PIC = NO;
				GCC_NO_COMMON_BLOCKS = YES;
				GCC_OPTIMIZATION_LEVEL = 0;
				GCC_PREPROCESSOR_DEFINITIONS = (
					"DEBUG=1",
					"$(inherited)",
				);
				GCC_WARN_64_TO_32_BIT_CONVERSION = YES;
				GCC_WARN_ABOUT_RETURN_TYPE = YES_ERROR;
				GCC_WARN_UNDECLARED_SELECTOR = YES;
				GCC_WARN_UNINITIALIZED_AUTOS = YES_AGGRESSIVE;
				GCC_WARN_UNUSED_FUNCTION = YES;
				GCC_WARN_UNUSED_VARIABLE = YES;
				IPHONEOS_DEPLOYMENT_TARGET = 10.1;
				MTL_ENABLE_DEBUG_INFO = YES;
				ONLY_ACTIVE_ARCH = YES;
				SDKROOT = iphoneos;
				TARGETED_DEVICE_FAMILY = "1,2";
			};
			name = Debug;
		};
		B7E64EB31E2F102D00D7F718 /* Release */ = {
			isa = XCBuildConfiguration;
			buildSettings = {
				ALWAYS_SEARCH_USER_PATHS = NO;
				CLANG_ANALYZER_NONNULL = YES;
				CLANG_CXX_LANGUAGE_STANDARD = "gnu++0x";
				CLANG_CXX_LIBRARY = "libc++";
				CLANG_ENABLE_MODULES = YES;
				CLANG_ENABLE_OBJC_ARC = YES;
				CLANG_WARN_BOOL_CONVERSION = YES;
				CLANG_WARN_CONSTANT_CONVERSION = YES;
				CLANG_WARN_DIRECT_OBJC_ISA_USAGE = YES_ERROR;
				CLANG_WARN_DOCUMENTATION_COMMENTS = YES;
				CLANG_WARN_EMPTY_BODY = YES;
				CLANG_WARN_ENUM_CONVERSION = YES;
				CLANG_WARN_INFINITE_RECURSION = YES;
				CLANG_WARN_INT_CONVERSION = YES;
				CLANG_WARN_OBJC_ROOT_CLASS = YES_ERROR;
				CLANG_WARN_SUSPICIOUS_MOVES = YES;
				CLANG_WARN_UNREACHABLE_CODE = YES;
				CLANG_WARN__DUPLICATE_METHOD_MATCH = YES;
				"CODE_SIGN_IDENTITY[sdk=iphoneos*]" = "iPhone Developer";
				COPY_PHASE_STRIP = NO;
				DEBUG_INFORMATION_FORMAT = "dwarf-with-dsym";
				ENABLE_NS_ASSERTIONS = NO;
				ENABLE_STRICT_OBJC_MSGSEND = YES;
				GCC_C_LANGUAGE_STANDARD = gnu99;
				GCC_NO_COMMON_BLOCKS = YES;
				GCC_WARN_64_TO_32_BIT_CONVERSION = YES;
				GCC_WARN_ABOUT_RETURN_TYPE = YES_ERROR;
				GCC_WARN_UNDECLARED_SELECTOR = YES;
				GCC_WARN_UNINITIALIZED_AUTOS = YES_AGGRESSIVE;
				GCC_WARN_UNUSED_FUNCTION = YES;
				GCC_WARN_UNUSED_VARIABLE = YES;
				IPHONEOS_DEPLOYMENT_TARGET = 10.1;
				MTL_ENABLE_DEBUG_INFO = NO;
				SDKROOT = iphoneos;
				TARGETED_DEVICE_FAMILY = "1,2";
				VALIDATE_PRODUCT = YES;
			};
			name = Release;
		};
		B7E64EB51E2F102D00D7F718 /* Debug */ = {
			isa = XCBuildConfiguration;
			buildSettings = {
				ASSETCATALOG_COMPILER_APPICON_NAME = AppIcon;
				INFOPLIST_FILE = TMChart/Info.plist;
				LD_RUNPATH_SEARCH_PATHS = "$(inherited) @executable_path/Frameworks";
				PRODUCT_BUNDLE_IDENTIFIER = harry.TMChart;
				PRODUCT_NAME = "$(TARGET_NAME)";
			};
			name = Debug;
		};
		B7E64EB61E2F102D00D7F718 /* Release */ = {
			isa = XCBuildConfiguration;
			buildSettings = {
				ASSETCATALOG_COMPILER_APPICON_NAME = AppIcon;
				INFOPLIST_FILE = TMChart/Info.plist;
				LD_RUNPATH_SEARCH_PATHS = "$(inherited) @executable_path/Frameworks";
				PRODUCT_BUNDLE_IDENTIFIER = harry.TMChart;
				PRODUCT_NAME = "$(TARGET_NAME)";
			};
			name = Release;
		};
		B7E64EB81E2F102D00D7F718 /* Debug */ = {
			isa = XCBuildConfiguration;
			buildSettings = {
				BUNDLE_LOADER = "$(TEST_HOST)";
				INFOPLIST_FILE = TMChartTests/Info.plist;
				LD_RUNPATH_SEARCH_PATHS = "$(inherited) @executable_path/Frameworks @loader_path/Frameworks";
				PRODUCT_BUNDLE_IDENTIFIER = harry.TMChartTests;
				PRODUCT_NAME = "$(TARGET_NAME)";
				TEST_HOST = "$(BUILT_PRODUCTS_DIR)/TMChart.app/TMChart";
			};
			name = Debug;
		};
		B7E64EB91E2F102D00D7F718 /* Release */ = {
			isa = XCBuildConfiguration;
			buildSettings = {
				BUNDLE_LOADER = "$(TEST_HOST)";
				INFOPLIST_FILE = TMChartTests/Info.plist;
				LD_RUNPATH_SEARCH_PATHS = "$(inherited) @executable_path/Frameworks @loader_path/Frameworks";
				PRODUCT_BUNDLE_IDENTIFIER = harry.TMChartTests;
				PRODUCT_NAME = "$(TARGET_NAME)";
				TEST_HOST = "$(BUILT_PRODUCTS_DIR)/TMChart.app/TMChart";
			};
			name = Release;
		};
		B7E64EBB1E2F102D00D7F718 /* Debug */ = {
			isa = XCBuildConfiguration;
			buildSettings = {
				INFOPLIST_FILE = TMChartUITests/Info.plist;
				LD_RUNPATH_SEARCH_PATHS = "$(inherited) @executable_path/Frameworks @loader_path/Frameworks";
				PRODUCT_BUNDLE_IDENTIFIER = harry.TMChartUITests;
				PRODUCT_NAME = "$(TARGET_NAME)";
				TEST_TARGET_NAME = TMChart;
			};
			name = Debug;
		};
		B7E64EBC1E2F102D00D7F718 /* Release */ = {
			isa = XCBuildConfiguration;
			buildSettings = {
				INFOPLIST_FILE = TMChartUITests/Info.plist;
				LD_RUNPATH_SEARCH_PATHS = "$(inherited) @executable_path/Frameworks @loader_path/Frameworks";
				PRODUCT_BUNDLE_IDENTIFIER = harry.TMChartUITests;
				PRODUCT_NAME = "$(TARGET_NAME)";
				TEST_TARGET_NAME = TMChart;
			};
			name = Release;
		};
/* End XCBuildConfiguration section */

/* Begin XCConfigurationList section */
		B7E64E821E2F102D00D7F718 /* Build configuration list for PBXProject "TMChart" */ = {
			isa = XCConfigurationList;
			buildConfigurations = (
				B7E64EB21E2F102D00D7F718 /* Debug */,
				B7E64EB31E2F102D00D7F718 /* Release */,
			);
			defaultConfigurationIsVisible = 0;
			defaultConfigurationName = Release;
		};
		B7E64EB41E2F102D00D7F718 /* Build configuration list for PBXNativeTarget "TMChart" */ = {
			isa = XCConfigurationList;
			buildConfigurations = (
				B7E64EB51E2F102D00D7F718 /* Debug */,
				B7E64EB61E2F102D00D7F718 /* Release */,
			);
			defaultConfigurationIsVisible = 0;
			defaultConfigurationName = Release;
		};
		B7E64EB71E2F102D00D7F718 /* Build configuration list for PBXNativeTarget "TMChartTests" */ = {
			isa = XCConfigurationList;
			buildConfigurations = (
				B7E64EB81E2F102D00D7F718 /* Debug */,
				B7E64EB91E2F102D00D7F718 /* Release */,
			);
			defaultConfigurationIsVisible = 0;
			defaultConfigurationName = Release;
		};
		B7E64EBA1E2F102D00D7F718 /* Build configuration list for PBXNativeTarget "TMChartUITests" */ = {
			isa = XCConfigurationList;
			buildConfigurations = (
				B7E64EBB1E2F102D00D7F718 /* Debug */,
				B7E64EBC1E2F102D00D7F718 /* Release */,
			);
			defaultConfigurationIsVisible = 0;
			defaultConfigurationName = Release;
		};
/* End XCConfigurationList section */
	};
	rootObject = B7E64E7F1E2F102D00D7F718 /* Project object */;
}
